
Microsoft Visual Studio Solution File, Format Version 12.00
# Visual Studio Version 17
VisualStudioVersion = 17.14.36109.1 d17.14
MinimumVisualStudioVersion = 10.0.40219.1
Project("{FAE04EC0-301F-11D3-BF4B-00C04F79EFBC}") = "SearchTreeView", "SearchTreeView\SearchTreeView.csproj", "{E1BA0912-F8E6-4419-9B89-2F41FEBECCF9}"
EndProject
Global
	GlobalSection(SolutionConfigurationPlatforms) = preSolution
		Debug|Any CPU = Debug|Any CPU
		Release|Any CPU = Release|Any CPU
	EndGlobalSection
	GlobalSection(ProjectConfigurationPlatforms) = postSolution
		{E1BA0912-F8E6-4419-9B89-2F41FEBECCF9}.Debug|Any CPU.ActiveCfg = Debug|Any CPU
		{E1BA0912-F8E6-4419-9B89-2F41FEBECCF9}.Debug|Any CPU.Build.0 = Debug|Any CPU
		{E1BA0912-F8E6-4419-9B89-2F41FEBECCF9}.Release|Any CPU.ActiveCfg = Release|Any CPU
		{E1BA0912-F8E6-4419-9B89-2F41FEBECCF9}.Release|Any CPU.Build.0 = Release|Any CPU
	EndGlobalSection
	GlobalSection(SolutionProperties) = preSolution
		HideSolutionNode = FALSE
	EndGlobalSection
	GlobalSection(ExtensibilityGlobals) = postSolution
		SolutionGuid = {A422D7F9-B9DD-4EAF-94D5-2BAF24D60441}
	EndGlobalSection
EndGlobal
